// !$*UTF8*$!
{
	archiveVersion = 1;
	classes = {
	};
	objectVersion = 45;
	objects = {

/* Begin PBXBuildFile section */
		1DDD58160DA1D0A300B32029 /* MainMenu.xib in Resources */ = {isa = PBXBuildFile; fileRef = 1DDD58140DA1D0A300B32029 /* MainMenu.xib */; };
		256AC3DA0F4B6AC300CF3369 /* BattleMinuteAppDelegate.m in Sources */ = {isa = PBXBuildFile; fileRef = 256AC3D90F4B6AC300CF3369 /* BattleMinuteAppDelegate.m */; };
		3F10B98812367E360084B7E6 /* Sparkle.framework in Frameworks */ = {isa = PBXBuildFile; fileRef = 3F10B98712367E360084B7E6 /* Sparkle.framework */; };
		3F10B99712367E5D0084B7E6 /* Sparkle.framework in CopyFiles */ = {isa = PBXBuildFile; fileRef = 3F10B98712367E360084B7E6 /* Sparkle.framework */; };
		3F10B99C12367FFD0084B7E6 /* dsa_pub.pem in Resources */ = {isa = PBXBuildFile; fileRef = 3F10B99B12367FFD0084B7E6 /* dsa_pub.pem */; };
		3F41402712336EC900CB5E2C /* CalendarStore.framework in Frameworks */ = {isa = PBXBuildFile; fileRef = 3F41402612336EC900CB5E2C /* CalendarStore.framework */; };
		3F4140551233E3D500CB5E2C /* JONTUSemesterDates.m in Sources */ = {isa = PBXBuildFile; fileRef = 3F4140541233E3D500CB5E2C /* JONTUSemesterDates.m */; };
		3F79C98912280467009F9DD7 /* MainController.m in Sources */ = {isa = PBXBuildFile; fileRef = 3F79C98812280467009F9DD7 /* MainController.m */; };
		3FB121E2120D9DD400B10CDF /* libicucore.dylib in Frameworks */ = {isa = PBXBuildFile; fileRef = 3FB121E1120D9DD400B10CDF /* libicucore.dylib */; };
		3FE9C51B1213ACB10045D70F /* JONTUAuth.m in Sources */ = {isa = PBXBuildFile; fileRef = 3FE9C5181213ACB10045D70F /* JONTUAuth.m */; };
		3FE9C51C1213ACB10045D70F /* RegexKitLite.m in Sources */ = {isa = PBXBuildFile; fileRef = 3FE9C51A1213ACB10045D70F /* RegexKitLite.m */; };
		3FE9C5271213ACC50045D70F /* JONTUClass.m in Sources */ = {isa = PBXBuildFile; fileRef = 3FE9C5201213ACC50045D70F /* JONTUClass.m */; };
		3FE9C5281213ACC50045D70F /* JONTUCourse.m in Sources */ = {isa = PBXBuildFile; fileRef = 3FE9C5221213ACC50045D70F /* JONTUCourse.m */; };
		3FE9C5291213ACC50045D70F /* JONTUSemester.m in Sources */ = {isa = PBXBuildFile; fileRef = 3FE9C5241213ACC50045D70F /* JONTUSemester.m */; };
		3FE9C52A1213ACC50045D70F /* NSString+htmlentitiesaddition.m in Sources */ = {isa = PBXBuildFile; fileRef = 3FE9C5261213ACC50045D70F /* NSString+htmlentitiesaddition.m */; };
		3FFD50E1124A6D1D00572AEB /* GTMNSString+HTML.m in Sources */ = {isa = PBXBuildFile; fileRef = 3FFD50DE124A6D1D00572AEB /* GTMNSString+HTML.m */; };
		3FFD50E2124A6D1D00572AEB /* NSString+HTML.m in Sources */ = {isa = PBXBuildFile; fileRef = 3FFD50E0124A6D1D00572AEB /* NSString+HTML.m */; };
		8D11072B0486CEB800E47090 /* InfoPlist.strings in Resources */ = {isa = PBXBuildFile; fileRef = 089C165CFE840E0CC02AAC07 /* InfoPlist.strings */; };
		8D11072D0486CEB800E47090 /* main.m in Sources */ = {isa = PBXBuildFile; fileRef = 29B97316FDCFA39411CA2CEA /* main.m */; settings = {ATTRIBUTES = (); }; };
		8D11072F0486CEB800E47090 /* Cocoa.framework in Frameworks */ = {isa = PBXBuildFile; fileRef = 1058C7A1FEA54F0111CA2CBB /* Cocoa.framework */; };
/* End PBXBuildFile section */

/* Begin PBXCopyFilesBuildPhase section */
		3F10B99A12367E650084B7E6 /* CopyFiles */ = {
			isa = PBXCopyFilesBuildPhase;
			buildActionMask = 2147483647;
			dstPath = "";
			dstSubfolderSpec = 10;
			files = (
				3F10B99712367E5D0084B7E6 /* Sparkle.framework in CopyFiles */,
			);
			runOnlyForDeploymentPostprocessing = 0;
		};
/* End PBXCopyFilesBuildPhase section */

/* Begin PBXFileReference section */
		089C165DFE840E0CC02AAC07 /* English */ = {isa = PBXFileReference; fileEncoding = 4; lastKnownFileType = text.plist.strings; name = English; path = English.lproj/InfoPlist.strings; sourceTree = "<group>"; };
		1058C7A1FEA54F0111CA2CBB /* Cocoa.framework */ = {isa = PBXFileReference; lastKnownFileType = wrapper.framework; name = Cocoa.framework; path = /System/Library/Frameworks/Cocoa.framework; sourceTree = "<absolute>"; };
		13E42FB307B3F0F600E4EEF1 /* CoreData.framework */ = {isa = PBXFileReference; lastKnownFileType = wrapper.framework; name = CoreData.framework; path = /System/Library/Frameworks/CoreData.framework; sourceTree = "<absolute>"; };
		1DDD58150DA1D0A300B32029 /* English */ = {isa = PBXFileReference; lastKnownFileType = file.xib; name = English; path = English.lproj/MainMenu.xib; sourceTree = "<group>"; };
		256AC3D80F4B6AC300CF3369 /* BattleMinuteAppDelegate.h */ = {isa = PBXFileReference; fileEncoding = 4; lastKnownFileType = sourcecode.c.h; path = BattleMinuteAppDelegate.h; sourceTree = "<group>"; };
		256AC3D90F4B6AC300CF3369 /* BattleMinuteAppDelegate.m */ = {isa = PBXFileReference; fileEncoding = 4; lastKnownFileType = sourcecode.c.objc; path = BattleMinuteAppDelegate.m; sourceTree = "<group>"; };
		256AC3F00F4B6AF500CF3369 /* BattleMinute_Prefix.pch */ = {isa = PBXFileReference; fileEncoding = 4; lastKnownFileType = sourcecode.c.h; path = BattleMinute_Prefix.pch; sourceTree = "<group>"; };
		29B97316FDCFA39411CA2CEA /* main.m */ = {isa = PBXFileReference; fileEncoding = 4; lastKnownFileType = sourcecode.c.objc; path = main.m; sourceTree = "<group>"; };
		29B97324FDCFA39411CA2CEA /* AppKit.framework */ = {isa = PBXFileReference; lastKnownFileType = wrapper.framework; name = AppKit.framework; path = /System/Library/Frameworks/AppKit.framework; sourceTree = "<absolute>"; };
		29B97325FDCFA39411CA2CEA /* Foundation.framework */ = {isa = PBXFileReference; lastKnownFileType = wrapper.framework; name = Foundation.framework; path = /System/Library/Frameworks/Foundation.framework; sourceTree = "<absolute>"; };
		3F10B98712367E360084B7E6 /* Sparkle.framework */ = {isa = PBXFileReference; lastKnownFileType = wrapper.framework; path = Sparkle.framework; sourceTree = "<group>"; };
		3F10B99B12367FFD0084B7E6 /* dsa_pub.pem */ = {isa = PBXFileReference; fileEncoding = 4; lastKnownFileType = text; path = dsa_pub.pem; sourceTree = "<group>"; };
		3F41402612336EC900CB5E2C /* CalendarStore.framework */ = {isa = PBXFileReference; lastKnownFileType = wrapper.framework; name = CalendarStore.framework; path = System/Library/Frameworks/CalendarStore.framework; sourceTree = SDKROOT; };
		3F4140531233E3D500CB5E2C /* JONTUSemesterDates.h */ = {isa = PBXFileReference; fileEncoding = 4; lastKnownFileType = sourcecode.c.h; name = JONTUSemesterDates.h; path = JONTUTimeTable/JONTUSemesterDates.h; sourceTree = "<group>"; };
		3F4140541233E3D500CB5E2C /* JONTUSemesterDates.m */ = {isa = PBXFileReference; fileEncoding = 4; lastKnownFileType = sourcecode.c.objc; name = JONTUSemesterDates.m; path = JONTUTimeTable/JONTUSemesterDates.m; sourceTree = "<group>"; };
		3F79C98712280467009F9DD7 /* MainController.h */ = {isa = PBXFileReference; fileEncoding = 4; lastKnownFileType = sourcecode.c.h; path = MainController.h; sourceTree = "<group>"; };
		3F79C98812280467009F9DD7 /* MainController.m */ = {isa = PBXFileReference; fileEncoding = 4; lastKnownFileType = sourcecode.c.objc; path = MainController.m; sourceTree = "<group>"; };
		3FB121E1120D9DD400B10CDF /* libicucore.dylib */ = {isa = PBXFileReference; lastKnownFileType = "compiled.mach-o.dylib"; name = libicucore.dylib; path = usr/lib/libicucore.dylib; sourceTree = SDKROOT; };
		3FE9C5171213ACB10045D70F /* JONTUAuth.h */ = {isa = PBXFileReference; fileEncoding = 4; lastKnownFileType = sourcecode.c.h; name = JONTUAuth.h; path = JONTUTimeTable/JONTUAuth/JONTUAuth.h; sourceTree = "<group>"; };
		3FE9C5181213ACB10045D70F /* JONTUAuth.m */ = {isa = PBXFileReference; fileEncoding = 4; lastKnownFileType = sourcecode.c.objc; name = JONTUAuth.m; path = JONTUTimeTable/JONTUAuth/JONTUAuth.m; sourceTree = "<group>"; };
		3FE9C5191213ACB10045D70F /* RegexKitLite.h */ = {isa = PBXFileReference; fileEncoding = 4; lastKnownFileType = sourcecode.c.h; name = RegexKitLite.h; path = JONTUTimeTable/JONTUAuth/RegexKitLite.h; sourceTree = "<group>"; };
		3FE9C51A1213ACB10045D70F /* RegexKitLite.m */ = {isa = PBXFileReference; fileEncoding = 4; lastKnownFileType = sourcecode.c.objc; name = RegexKitLite.m; path = JONTUTimeTable/JONTUAuth/RegexKitLite.m; sourceTree = "<group>"; };
		3FE9C51F1213ACC50045D70F /* JONTUClass.h */ = {isa = PBXFileReference; fileEncoding = 4; lastKnownFileType = sourcecode.c.h; name = JONTUClass.h; path = JONTUTimeTable/JONTUClass.h; sourceTree = "<group>"; };
		3FE9C5201213ACC50045D70F /* JONTUClass.m */ = {isa = PBXFileReference; fileEncoding = 4; lastKnownFileType = sourcecode.c.objc; name = JONTUClass.m; path = JONTUTimeTable/JONTUClass.m; sourceTree = "<group>"; };
		3FE9C5211213ACC50045D70F /* JONTUCourse.h */ = {isa = PBXFileReference; fileEncoding = 4; lastKnownFileType = sourcecode.c.h; name = JONTUCourse.h; path = JONTUTimeTable/JONTUCourse.h; sourceTree = "<group>"; };
		3FE9C5221213ACC50045D70F /* JONTUCourse.m */ = {isa = PBXFileReference; fileEncoding = 4; lastKnownFileType = sourcecode.c.objc; name = JONTUCourse.m; path = JONTUTimeTable/JONTUCourse.m; sourceTree = "<group>"; };
		3FE9C5231213ACC50045D70F /* JONTUSemester.h */ = {isa = PBXFileReference; fileEncoding = 4; lastKnownFileType = sourcecode.c.h; name = JONTUSemester.h; path = JONTUTimeTable/JONTUSemester.h; sourceTree = "<group>"; };
		3FE9C5241213ACC50045D70F /* JONTUSemester.m */ = {isa = PBXFileReference; fileEncoding = 4; lastKnownFileType = sourcecode.c.objc; name = JONTUSemester.m; path = JONTUTimeTable/JONTUSemester.m; sourceTree = "<group>"; };
		3FE9C5251213ACC50045D70F /* NSString+htmlentitiesaddition.h */ = {isa = PBXFileReference; fileEncoding = 4; lastKnownFileType = sourcecode.c.h; name = "NSString+htmlentitiesaddition.h"; path = "JONTUTimeTable/NSString+htmlentitiesaddition.h"; sourceTree = "<group>"; };
		3FE9C5261213ACC50045D70F /* NSString+htmlentitiesaddition.m */ = {isa = PBXFileReference; fileEncoding = 4; lastKnownFileType = sourcecode.c.objc; name = "NSString+htmlentitiesaddition.m"; path = "JONTUTimeTable/NSString+htmlentitiesaddition.m"; sourceTree = "<group>"; };
		3FFD50DC124A6D1D00572AEB /* GTMDefines.h */ = {isa = PBXFileReference; fileEncoding = 4; lastKnownFileType = sourcecode.c.h; name = GTMDefines.h; path = JONTUTimeTable/JONTUAuth/MWFeedParser/Classes/GTMDefines.h; sourceTree = "<group>"; };
		3FFD50DD124A6D1D00572AEB /* GTMNSString+HTML.h */ = {isa = PBXFileReference; fileEncoding = 4; lastKnownFileType = sourcecode.c.h; name = "GTMNSString+HTML.h"; path = "JONTUTimeTable/JONTUAuth/MWFeedParser/Classes/GTMNSString+HTML.h"; sourceTree = "<group>"; };
		3FFD50DE124A6D1D00572AEB /* GTMNSString+HTML.m */ = {isa = PBXFileReference; fileEncoding = 4; lastKnownFileType = sourcecode.c.objc; name = "GTMNSString+HTML.m"; path = "JONTUTimeTable/JONTUAuth/MWFeedParser/Classes/GTMNSString+HTML.m"; sourceTree = "<group>"; };
		3FFD50DF124A6D1D00572AEB /* NSString+HTML.h */ = {isa = PBXFileReference; fileEncoding = 4; lastKnownFileType = sourcecode.c.h; name = "NSString+HTML.h"; path = "JONTUTimeTable/JONTUAuth/MWFeedParser/Classes/NSString+HTML.h"; sourceTree = "<group>"; };
		3FFD50E0124A6D1D00572AEB /* NSString+HTML.m */ = {isa = PBXFileReference; fileEncoding = 4; lastKnownFileType = sourcecode.c.objc; name = "NSString+HTML.m"; path = "JONTUTimeTable/JONTUAuth/MWFeedParser/Classes/NSString+HTML.m"; sourceTree = "<group>"; };
		8D1107310486CEB800E47090 /* BattleMinute-Info.plist */ = {isa = PBXFileReference; fileEncoding = 4; lastKnownFileType = text.plist.xml; path = "BattleMinute-Info.plist"; sourceTree = "<group>"; };
		8D1107320486CEB800E47090 /* BattleMinute.app */ = {isa = PBXFileReference; explicitFileType = wrapper.application; includeInIndex = 0; path = BattleMinute.app; sourceTree = BUILT_PRODUCTS_DIR; };
/* End PBXFileReference section */

/* Begin PBXFrameworksBuildPhase section */
		8D11072E0486CEB800E47090 /* Frameworks */ = {
			isa = PBXFrameworksBuildPhase;
			buildActionMask = 2147483647;
			files = (
				8D11072F0486CEB800E47090 /* Cocoa.framework in Frameworks */,
				3FB121E2120D9DD400B10CDF /* libicucore.dylib in Frameworks */,
				3F41402712336EC900CB5E2C /* CalendarStore.framework in Frameworks */,
				3F10B98812367E360084B7E6 /* Sparkle.framework in Frameworks */,
			);
			runOnlyForDeploymentPostprocessing = 0;
		};
/* End PBXFrameworksBuildPhase section */

/* Begin PBXGroup section */
		080E96DDFE201D6D7F000001 /* Classes */ = {
			isa = PBXGroup;
			children = (
				256AC3D80F4B6AC300CF3369 /* BattleMinuteAppDelegate.h */,
				256AC3D90F4B6AC300CF3369 /* BattleMinuteAppDelegate.m */,
				3F79C98712280467009F9DD7 /* MainController.h */,
				3F79C98812280467009F9DD7 /* MainController.m */,
			);
			name = Classes;
			sourceTree = "<group>";
		};
		1058C7A0FEA54F0111CA2CBB /* Linked Frameworks */ = {
			isa = PBXGroup;
			children = (
				3F10B98712367E360084B7E6 /* Sparkle.framework */,
				3F41402612336EC900CB5E2C /* CalendarStore.framework */,
				1058C7A1FEA54F0111CA2CBB /* Cocoa.framework */,
			);
			name = "Linked Frameworks";
			sourceTree = "<group>";
		};
		1058C7A2FEA54F0111CA2CBB /* Other Frameworks */ = {
			isa = PBXGroup;
			children = (
				29B97324FDCFA39411CA2CEA /* AppKit.framework */,
				13E42FB307B3F0F600E4EEF1 /* CoreData.framework */,
				29B97325FDCFA39411CA2CEA /* Foundation.framework */,
			);
			name = "Other Frameworks";
			sourceTree = "<group>";
		};
		19C28FACFE9D520D11CA2CBB /* Products */ = {
			isa = PBXGroup;
			children = (
				8D1107320486CEB800E47090 /* BattleMinute.app */,
			);
			name = Products;
			sourceTree = "<group>";
		};
		29B97314FDCFA39411CA2CEA /* BattleMinute */ = {
			isa = PBXGroup;
			children = (
				3FE9C50F1213AC980045D70F /* External */,
				080E96DDFE201D6D7F000001 /* Classes */,
				29B97315FDCFA39411CA2CEA /* Other Sources */,
				29B97317FDCFA39411CA2CEA /* Resources */,
				29B97323FDCFA39411CA2CEA /* Frameworks */,
				19C28FACFE9D520D11CA2CBB /* Products */,
			);
			name = BattleMinute;
			sourceTree = "<group>";
		};
		29B97315FDCFA39411CA2CEA /* Other Sources */ = {
			isa = PBXGroup;
			children = (
				256AC3F00F4B6AF500CF3369 /* BattleMinute_Prefix.pch */,
				29B97316FDCFA39411CA2CEA /* main.m */,
			);
			name = "Other Sources";
			sourceTree = "<group>";
		};
		29B97317FDCFA39411CA2CEA /* Resources */ = {
			isa = PBXGroup;
			children = (
				3F10B99B12367FFD0084B7E6 /* dsa_pub.pem */,
				8D1107310486CEB800E47090 /* BattleMinute-Info.plist */,
				089C165CFE840E0CC02AAC07 /* InfoPlist.strings */,
				1DDD58140DA1D0A300B32029 /* MainMenu.xib */,
			);
			name = Resources;
			sourceTree = "<group>";
		};
		29B97323FDCFA39411CA2CEA /* Frameworks */ = {
			isa = PBXGroup;
			children = (
				1058C7A0FEA54F0111CA2CBB /* Linked Frameworks */,
				1058C7A2FEA54F0111CA2CBB /* Other Frameworks */,
				3FB121E1120D9DD400B10CDF /* libicucore.dylib */,
			);
			name = Frameworks;
			sourceTree = "<group>";
		};
		3FE9C50F1213AC980045D70F /* External */ = {
			isa = PBXGroup;
			children = (
				3FE9C51D1213ACB70045D70F /* JONTUTimeTable */,
				3FE9C5101213AC9D0045D70F /* JONTUAuth */,
			);
			name = External;
			sourceTree = "<group>";
		};
		3FE9C5101213AC9D0045D70F /* JONTUAuth */ = {
			isa = PBXGroup;
			children = (
				3FE9C5171213ACB10045D70F /* JONTUAuth.h */,
				3FE9C5181213ACB10045D70F /* JONTUAuth.m */,
				3FE9C5191213ACB10045D70F /* RegexKitLite.h */,
				3FE9C51A1213ACB10045D70F /* RegexKitLite.m */,
				3FFD50DC124A6D1D00572AEB /* GTMDefines.h */,
				3FFD50DD124A6D1D00572AEB /* GTMNSString+HTML.h */,
				3FFD50DE124A6D1D00572AEB /* GTMNSString+HTML.m */,
				3FFD50DF124A6D1D00572AEB /* NSString+HTML.h */,
				3FFD50E0124A6D1D00572AEB /* NSString+HTML.m */,
			);
			name = JONTUAuth;
			sourceTree = "<group>";
		};
		3FE9C51D1213ACB70045D70F /* JONTUTimeTable */ = {
			isa = PBXGroup;
			children = (
				3F4140531233E3D500CB5E2C /* JONTUSemesterDates.h */,
				3F4140541233E3D500CB5E2C /* JONTUSemesterDates.m */,
				3FE9C51F1213ACC50045D70F /* JONTUClass.h */,
				3FE9C5201213ACC50045D70F /* JONTUClass.m */,
				3FE9C5211213ACC50045D70F /* JONTUCourse.h */,
				3FE9C5221213ACC50045D70F /* JONTUCourse.m */,
				3FE9C5231213ACC50045D70F /* JONTUSemester.h */,
				3FE9C5241213ACC50045D70F /* JONTUSemester.m */,
				3FE9C5251213ACC50045D70F /* NSString+htmlentitiesaddition.h */,
				3FE9C5261213ACC50045D70F /* NSString+htmlentitiesaddition.m */,
			);
			name = JONTUTimeTable;
			sourceTree = "<group>";
		};
/* End PBXGroup section */

/* Begin PBXNativeTarget section */
		8D1107260486CEB800E47090 /* BattleMinute */ = {
			isa = PBXNativeTarget;
			buildConfigurationList = C01FCF4A08A954540054247B /* Build configuration list for PBXNativeTarget "BattleMinute" */;
			buildPhases = (
				8D1107290486CEB800E47090 /* Resources */,
				8D11072C0486CEB800E47090 /* Sources */,
				8D11072E0486CEB800E47090 /* Frameworks */,
				3F10B99A12367E650084B7E6 /* CopyFiles */,
			);
			buildRules = (
			);
			dependencies = (
			);
			name = BattleMinute;
			productInstallPath = "$(HOME)/Applications";
			productName = BattleMinute;
			productReference = 8D1107320486CEB800E47090 /* BattleMinute.app */;
			productType = "com.apple.product-type.application";
		};
/* End PBXNativeTarget section */

/* Begin PBXProject section */
		29B97313FDCFA39411CA2CEA /* Project object */ = {
			isa = PBXProject;
			attributes = {
				ORGANIZATIONNAME = ORNYX;
			};
			buildConfigurationList = C01FCF4E08A954540054247B /* Build configuration list for PBXProject "BattleMinute" */;
			compatibilityVersion = "Xcode 3.1";
			hasScannedForEncodings = 1;
			knownRegions = (
				English,
				Japanese,
				French,
				German,
			);
			mainGroup = 29B97314FDCFA39411CA2CEA /* BattleMinute */;
			projectDirPath = "";
			projectRoot = "";
			targets = (
				8D1107260486CEB800E47090 /* BattleMinute */,
			);
		};
/* End PBXProject section */

/* Begin PBXResourcesBuildPhase section */
		8D1107290486CEB800E47090 /* Resources */ = {
			isa = PBXResourcesBuildPhase;
			buildActionMask = 2147483647;
			files = (
				8D11072B0486CEB800E47090 /* InfoPlist.strings in Resources */,
				1DDD58160DA1D0A300B32029 /* MainMenu.xib in Resources */,
				3F10B99C12367FFD0084B7E6 /* dsa_pub.pem in Resources */,
			);
			runOnlyForDeploymentPostprocessing = 0;
		};
/* End PBXResourcesBuildPhase section */

/* Begin PBXSourcesBuildPhase section */
		8D11072C0486CEB800E47090 /* Sources */ = {
			isa = PBXSourcesBuildPhase;
			buildActionMask = 2147483647;
			files = (
				8D11072D0486CEB800E47090 /* main.m in Sources */,
				256AC3DA0F4B6AC300CF3369 /* BattleMinuteAppDelegate.m in Sources */,
				3FE9C51B1213ACB10045D70F /* JONTUAuth.m in Sources */,
				3FE9C51C1213ACB10045D70F /* RegexKitLite.m in Sources */,
				3FE9C5271213ACC50045D70F /* JONTUClass.m in Sources */,
				3FE9C5281213ACC50045D70F /* JONTUCourse.m in Sources */,
				3FE9C5291213ACC50045D70F /* JONTUSemester.m in Sources */,
				3FE9C52A1213ACC50045D70F /* NSString+htmlentitiesaddition.m in Sources */,
				3F79C98912280467009F9DD7 /* MainController.m in Sources */,
				3F4140551233E3D500CB5E2C /* JONTUSemesterDates.m in Sources */,
				3FFD50E1124A6D1D00572AEB /* GTMNSString+HTML.m in Sources */,
				3FFD50E2124A6D1D00572AEB /* NSString+HTML.m in Sources */,
			);
			runOnlyForDeploymentPostprocessing = 0;
		};
/* End PBXSourcesBuildPhase section */

/* Begin PBXVariantGroup section */
		089C165CFE840E0CC02AAC07 /* InfoPlist.strings */ = {
			isa = PBXVariantGroup;
			children = (
				089C165DFE840E0CC02AAC07 /* English */,
			);
			name = InfoPlist.strings;
			sourceTree = "<group>";
		};
		1DDD58140DA1D0A300B32029 /* MainMenu.xib */ = {
			isa = PBXVariantGroup;
			children = (
				1DDD58150DA1D0A300B32029 /* English */,
			);
			name = MainMenu.xib;
			sourceTree = "<group>";
		};
/* End PBXVariantGroup section */

/* Begin XCBuildConfiguration section */
		C01FCF4B08A954540054247B /* Debug */ = {
			isa = XCBuildConfiguration;
			buildSettings = {
				ALWAYS_SEARCH_USER_PATHS = NO;
				COPY_PHASE_STRIP = NO;
				FRAMEWORK_SEARCH_PATHS = (
					"$(inherited)",
					"\"$(SRCROOT)/../../Development/BWToolkit\"",
					"\"$(SRCROOT)\"",
				);
				GCC_DYNAMIC_NO_PIC = NO;
				GCC_ENABLE_FIX_AND_CONTINUE = YES;
				GCC_MODEL_TUNING = G5;
				GCC_OPTIMIZATION_LEVEL = 0;
				GCC_PRECOMPILE_PREFIX_HEADER = YES;
				GCC_PREFIX_HEADER = BattleMinute_Prefix.pch;
				INFOPLIST_FILE = "BattleMinute-Info.plist";
				INSTALL_PATH = "$(HOME)/Applications";
				PRODUCT_NAME = BattleMinute;
			};
			name = Debug;
		};
		C01FCF4C08A954540054247B /* Release */ = {
			isa = XCBuildConfiguration;
			buildSettings = {
				ALWAYS_SEARCH_USER_PATHS = NO;
				DEBUG_INFORMATION_FORMAT = "dwarf-with-dsym";
				FRAMEWORK_SEARCH_PATHS = (
					"$(inherited)",
					"\"$(SRCROOT)/../../Development/BWToolkit\"",
					"\"$(SRCROOT)\"",
				);
				GCC_MODEL_TUNING = G5;
				GCC_PRECOMPILE_PREFIX_HEADER = YES;
				GCC_PREFIX_HEADER = BattleMinute_Prefix.pch;
				INFOPLIST_FILE = "BattleMinute-Info.plist";
				INSTALL_PATH = "$(HOME)/Applications";
				PRODUCT_NAME = BattleMinute;
			};
			name = Release;
		};
		C01FCF4F08A954540054247B /* Debug */ = {
			isa = XCBuildConfiguration;
			buildSettings = {
				ARCHS = "$(ARCHS_STANDARD_32_64_BIT)";
				GCC_C_LANGUAGE_STANDARD = gnu99;
				GCC_OPTIMIZATION_LEVEL = 0;
				GCC_VERSION = com.apple.compilers.llvmgcc42;
				GCC_WARN_ABOUT_RETURN_TYPE = YES;
				GCC_WARN_UNUSED_VARIABLE = YES;
				ONLY_ACTIVE_ARCH = YES;
				PREBINDING = NO;
				SDKROOT = macosx10.6;
			};
			name = Debug;
		};
		C01FCF5008A954540054247B /* Release */ = {
			isa = XCBuildConfiguration;
			buildSettings = {
				ARCHS = "$(ARCHS_STANDARD_32_64_BIT)";
				GCC_C_LANGUAGE_STANDARD = gnu99;
				GCC_VERSION = com.apple.compilers.llvmgcc42;
				GCC_WARN_ABOUT_RETURN_TYPE = YES;
				GCC_WARN_UNUSED_VARIABLE = YES;
				PREBINDING = NO;
				SDKROOT = macosx10.6;
			};
			name = Release;
		};
/* End XCBuildConfiguration section */

/* Begin XCConfigurationList section */
		C01FCF4A08A954540054247B /* Build configuration list for PBXNativeTarget "BattleMinute" */ = {
			isa = XCConfigurationList;
			buildConfigurations = (
				C01FCF4B08A954540054247B /* Debug */,
				C01FCF4C08A954540054247B /* Release */,
			);
			defaultConfigurationIsVisible = 0;
			defaultConfigurationName = Release;
		};
		C01FCF4E08A954540054247B /* Build configuration list for PBXProject "BattleMinute" */ = {
			isa = XCConfigurationList;
			buildConfigurations = (
				C01FCF4F08A954540054247B /* Debug */,
				C01FCF5008A954540054247B /* Release */,
			);
			defaultConfigurationIsVisible = 0;
			defaultConfigurationName = Release;
		};
/* End XCConfigurationList section */
	};
	rootObject = 29B97313FDCFA39411CA2CEA /* Project object */;
}
